
Microsoft Visual Studio Solution File, Format Version 12.00
# Visual Studio Version 16
VisualStudioVersion = 16.0.30717.126
MinimumVisualStudioVersion = 10.0.40219.1
Project("{FAE04EC0-301F-11D3-BF4B-00C04F79EFBC}") = "Calculator", "Calculator\Calculator.csproj", "{7303084A-7B9B-45A0-90AF-2F9D7A30E3F1}"
EndProject
Project("{FAE04EC0-301F-11D3-BF4B-00C04F79EFBC}") = "CalculatorCore", "CalculatorCore\CalculatorCore.csproj", "{A0BB0BB2-EADD-4EE9-BED5-424627298118}"
EndProject
Global
	GlobalSection(SolutionConfigurationPlatforms) = preSolution
		Debug|Any CPU = Debug|Any CPU
		Release|Any CPU = Release|Any CPU
	EndGlobalSection
	GlobalSection(ProjectConfigurationPlatforms) = postSolution
		{7303084A-7B9B-45A0-90AF-2F9D7A30E3F1}.Debug|Any CPU.ActiveCfg = Debug|Any CPU
		{7303084A-7B9B-45A0-90AF-2F9D7A30E3F1}.Debug|Any CPU.Build.0 = Debug|Any CPU
		{7303084A-7B9B-45A0-90AF-2F9D7A30E3F1}.Release|Any CPU.ActiveCfg = Release|Any CPU
		{7303084A-7B9B-45A0-90AF-2F9D7A30E3F1}.Release|Any CPU.Build.0 = Release|Any CPU
		{A0BB0BB2-EADD-4EE9-BED5-424627298118}.Debug|Any CPU.ActiveCfg = Debug|Any CPU
		{A0BB0BB2-EADD-4EE9-BED5-424627298118}.Debug|Any CPU.Build.0 = Debug|Any CPU
		{A0BB0BB2-EADD-4EE9-BED5-424627298118}.Release|Any CPU.ActiveCfg = Release|Any CPU
		{A0BB0BB2-EADD-4EE9-BED5-424627298118}.Release|Any CPU.Build.0 = Release|Any CPU
	EndGlobalSection
	GlobalSection(SolutionProperties) = preSolution
		HideSolutionNode = FALSE
	EndGlobalSection
	GlobalSection(ExtensibilityGlobals) = postSolution
		SolutionGuid = {B8F6FFE0-7D28-497F-B604-067AA746E31B}
	EndGlobalSection
EndGlobal
